
Microsoft Visual Studio Solution File, Format Version 12.00
# Visual Studio Version 17
VisualStudioVersion = 17.5.002.0
MinimumVisualStudioVersion = 10.0.40219.1
Project("{9A19103F-16F7-4668-BE54-9A1E7A4F7556}") = "PHPet", "PHPet.csproj", "{995BD0E4-47DF-4411-A7B4-40E5DE0C9F18}"
EndProject
Global
	GlobalSection(SolutionConfigurationPlatforms) = preSolution
		Debug|Any CPU = Debug|Any CPU
		Release|Any CPU = Release|Any CPU
	EndGlobalSection
	GlobalSection(ProjectConfigurationPlatforms) = postSolution
		{995BD0E4-47DF-4411-A7B4-40E5DE0C9F18}.Debug|Any CPU.ActiveCfg = Debug|Any CPU
		{995BD0E4-47DF-4411-A7B4-40E5DE0C9F18}.Debug|Any CPU.Build.0 = Debug|Any CPU
		{995BD0E4-47DF-4411-A7B4-40E5DE0C9F18}.Release|Any CPU.ActiveCfg = Release|Any CPU
		{995BD0E4-47DF-4411-A7B4-40E5DE0C9F18}.Release|Any CPU.Build.0 = Release|Any CPU
	EndGlobalSection
	GlobalSection(SolutionProperties) = preSolution
		HideSolutionNode = FALSE
	EndGlobalSection
	GlobalSection(ExtensibilityGlobals) = postSolution
		SolutionGuid = {92E3FA9A-DB31-4C1C-AFD9-BE3101778E5B}
	EndGlobalSection
EndGlobal
